
Microsoft Visual Studio Solution File, Format Version 12.00
# Visual Studio Version 17
VisualStudioVersion = 17.1.32328.378
MinimumVisualStudioVersion = 10.0.40219.1
Project("{8BC9CEB8-8B4A-11D0-8D11-00A0C91BC942}") = "lab13", "lab13\lab13.vcxproj", "{834277DD-11F5-41F1-B859-A45A427F2742}"
EndProject
Global
	GlobalSection(SolutionConfigurationPlatforms) = preSolution
		Debug|x64 = Debug|x64
		Debug|x86 = Debug|x86
		Release|x64 = Release|x64
		Release|x86 = Release|x86
	EndGlobalSection
	GlobalSection(ProjectConfigurationPlatforms) = postSolution
		{834277DD-11F5-41F1-B859-A45A427F2742}.Debug|x64.ActiveCfg = Debug|x64
		{834277DD-11F5-41F1-B859-A45A427F2742}.Debug|x64.Build.0 = Debug|x64
		{834277DD-11F5-41F1-B859-A45A427F2742}.Debug|x86.ActiveCfg = Debug|Win32
		{834277DD-11F5-41F1-B859-A45A427F2742}.Debug|x86.Build.0 = Debug|Win32
		{834277DD-11F5-41F1-B859-A45A427F2742}.Release|x64.ActiveCfg = Release|x64
		{834277DD-11F5-41F1-B859-A45A427F2742}.Release|x64.Build.0 = Release|x64
		{834277DD-11F5-41F1-B859-A45A427F2742}.Release|x86.ActiveCfg = Release|Win32
		{834277DD-11F5-41F1-B859-A45A427F2742}.Release|x86.Build.0 = Release|Win32
	EndGlobalSection
	GlobalSection(SolutionProperties) = preSolution
		HideSolutionNode = FALSE
	EndGlobalSection
	GlobalSection(ExtensibilityGlobals) = postSolution
		SolutionGuid = {B4194DBB-4D74-4709-9F5A-A7DC4C2D8552}
	EndGlobalSection
EndGlobal
