
Microsoft Visual Studio Solution File, Format Version 12.00
# Visual Studio Version 16
VisualStudioVersion = 16.0.31729.503
MinimumVisualStudioVersion = 10.0.40219.1
Project("{8BC9CEB8-8B4A-11D0-8D11-00A0C91BC942}") = "lab6", "lab6\lab6.vcxproj", "{A905E1EB-E262-4737-9A55-DEBD0745D6F3}"
EndProject
Project("{8BC9CEB8-8B4A-11D0-8D11-00A0C91BC942}") = "dop1", "dop1\dop1.vcxproj", "{EEEDF81D-3B95-4387-AD8A-6E95AF72CCDF}"
EndProject
Project("{8BC9CEB8-8B4A-11D0-8D11-00A0C91BC942}") = "dop2", "dop2\dop2.vcxproj", "{5DA7A3EF-A683-4A6F-BDFD-4D99D0B34735}"
EndProject
Project("{8BC9CEB8-8B4A-11D0-8D11-00A0C91BC942}") = "dop3", "dop3\dop3.vcxproj", "{82D16F4C-36A1-43FE-A5C9-8E2CFFC9E007}"
EndProject
Global
	GlobalSection(SolutionConfigurationPlatforms) = preSolution
		Debug|x64 = Debug|x64
		Debug|x86 = Debug|x86
		Release|x64 = Release|x64
		Release|x86 = Release|x86
	EndGlobalSection
	GlobalSection(ProjectConfigurationPlatforms) = postSolution
		{A905E1EB-E262-4737-9A55-DEBD0745D6F3}.Debug|x64.ActiveCfg = Debug|x64
		{A905E1EB-E262-4737-9A55-DEBD0745D6F3}.Debug|x64.Build.0 = Debug|x64
		{A905E1EB-E262-4737-9A55-DEBD0745D6F3}.Debug|x86.ActiveCfg = Debug|Win32
		{A905E1EB-E262-4737-9A55-DEBD0745D6F3}.Debug|x86.Build.0 = Debug|Win32
		{A905E1EB-E262-4737-9A55-DEBD0745D6F3}.Release|x64.ActiveCfg = Release|x64
		{A905E1EB-E262-4737-9A55-DEBD0745D6F3}.Release|x64.Build.0 = Release|x64
		{A905E1EB-E262-4737-9A55-DEBD0745D6F3}.Release|x86.ActiveCfg = Release|Win32
		{A905E1EB-E262-4737-9A55-DEBD0745D6F3}.Release|x86.Build.0 = Release|Win32
		{EEEDF81D-3B95-4387-AD8A-6E95AF72CCDF}.Debug|x64.ActiveCfg = Debug|x64
		{EEEDF81D-3B95-4387-AD8A-6E95AF72CCDF}.Debug|x64.Build.0 = Debug|x64
		{EEEDF81D-3B95-4387-AD8A-6E95AF72CCDF}.Debug|x86.ActiveCfg = Debug|Win32
		{EEEDF81D-3B95-4387-AD8A-6E95AF72CCDF}.Debug|x86.Build.0 = Debug|Win32
		{EEEDF81D-3B95-4387-AD8A-6E95AF72CCDF}.Release|x64.ActiveCfg = Release|x64
		{EEEDF81D-3B95-4387-AD8A-6E95AF72CCDF}.Release|x64.Build.0 = Release|x64
		{EEEDF81D-3B95-4387-AD8A-6E95AF72CCDF}.Release|x86.ActiveCfg = Release|Win32
		{EEEDF81D-3B95-4387-AD8A-6E95AF72CCDF}.Release|x86.Build.0 = Release|Win32
		{5DA7A3EF-A683-4A6F-BDFD-4D99D0B34735}.Debug|x64.ActiveCfg = Debug|x64
		{5DA7A3EF-A683-4A6F-BDFD-4D99D0B34735}.Debug|x64.Build.0 = Debug|x64
		{5DA7A3EF-A683-4A6F-BDFD-4D99D0B34735}.Debug|x86.ActiveCfg = Debug|Win32
		{5DA7A3EF-A683-4A6F-BDFD-4D99D0B34735}.Debug|x86.Build.0 = Debug|Win32
		{5DA7A3EF-A683-4A6F-BDFD-4D99D0B34735}.Release|x64.ActiveCfg = Release|x64
		{5DA7A3EF-A683-4A6F-BDFD-4D99D0B34735}.Release|x64.Build.0 = Release|x64
		{5DA7A3EF-A683-4A6F-BDFD-4D99D0B34735}.Release|x86.ActiveCfg = Release|Win32
		{5DA7A3EF-A683-4A6F-BDFD-4D99D0B34735}.Release|x86.Build.0 = Release|Win32
		{82D16F4C-36A1-43FE-A5C9-8E2CFFC9E007}.Debug|x64.ActiveCfg = Debug|x64
		{82D16F4C-36A1-43FE-A5C9-8E2CFFC9E007}.Debug|x64.Build.0 = Debug|x64
		{82D16F4C-36A1-43FE-A5C9-8E2CFFC9E007}.Debug|x86.ActiveCfg = Debug|Win32
		{82D16F4C-36A1-43FE-A5C9-8E2CFFC9E007}.Debug|x86.Build.0 = Debug|Win32
		{82D16F4C-36A1-43FE-A5C9-8E2CFFC9E007}.Release|x64.ActiveCfg = Release|x64
		{82D16F4C-36A1-43FE-A5C9-8E2CFFC9E007}.Release|x64.Build.0 = Release|x64
		{82D16F4C-36A1-43FE-A5C9-8E2CFFC9E007}.Release|x86.ActiveCfg = Release|Win32
		{82D16F4C-36A1-43FE-A5C9-8E2CFFC9E007}.Release|x86.Build.0 = Release|Win32
	EndGlobalSection
	GlobalSection(SolutionProperties) = preSolution
		HideSolutionNode = FALSE
	EndGlobalSection
	GlobalSection(ExtensibilityGlobals) = postSolution
		SolutionGuid = {69DE9780-8C8F-4278-9BB6-A6A2FDB26FEF}
	EndGlobalSection
EndGlobal
